<?xml version="1.0" encoding="utf-8"?>
<Project ToolsVersion="4.0" xmlns="http://schemas.microsoft.com/developer/msbuild/2003">
  <ItemGroup>
    <Filter Include="src">
      <UniqueIdentifier>{e9b2b8c8-28b3-4eff-986f-98a1b2cd3417}</UniqueIdentifier>
    </Filter>
  </ItemGroup>
  <ItemGroup>
    <ClCompile Include="..\src\main.c">
      <Filter>src</Filter>
    </ClCompile>
    <ClCompile Include="..\src\i3d_Game_Objects.c">
      <Filter>src</Filter>
    </ClCompile>
    <ClCompile Include="..\src\i3d_Game_Render.c">
      <Filter>src</Filter>
    </ClCompile>
    <ClCompile Include="..\src\i3d_Game_Math.c">
      <Filter>src</Filter>
    </ClCompile>
    <ClCompile Include="..\src\i3d_Game_Particle.c">
      <Filter>src</Filter>
    </ClCompile>
    <ClCompile Include="..\src\i3d_Game_Text_Display.c">
      <Filter>src</Filter>
    </ClCompile>
  </ItemGroup>
  <ItemGroup>
    <ClInclude Include="..\src\i3d_Game_Objects.h">
      <Filter>src</Filter>
    </ClInclude>
    <ClInclude Include="..\src\i3d_Game_Render.h">
      <Filter>src</Filter>
    </ClInclude>
    <ClInclude Include="..\src\i3d_config.h">
      <Filter>src</Filter>
    </ClInclude>
    <ClInclude Include="..\src\i3d_Game_Math.h">
      <Filter>src</Filter>
    </ClInclude>
    <ClInclude Include="..\src\i3d_Game_Particle.h">
      <Filter>src</Filter>
    </ClInclude>
    <ClInclude Include="..\src\i3d_Game_Text_Display.h">
      <Filter>src</Filter>
    </ClInclude>
  </ItemGroup>
</Project>